// !$*UTF8*$!
{
	archiveVersion = 1;
	classes = {
	};
	objectVersion = 48;
	objects = {

/* Begin PBXBuildFile section */
		5614A10D1FB2DA57004BC544 /* SmartCalling.framework in Frameworks */ = {isa = PBXBuildFile; fileRef = 5614A1031FB2DA56004BC544 /* SmartCalling.framework */; };
		5614A1121FB2DA57004BC544 /* SmartCallingTests.swift in Sources */ = {isa = PBXBuildFile; fileRef = 5614A1111FB2DA57004BC544 /* SmartCallingTests.swift */; };
		5614A1141FB2DA57004BC544 /* SmartCalling.h in Headers */ = {isa = PBXBuildFile; fileRef = 5614A1061FB2DA56004BC544 /* SmartCalling.h */; settings = {ATTRIBUTES = (Public, ); }; };
		5614A1411FB2E515004BC544 /* SmartCallingManager.swift in Sources */ = {isa = PBXBuildFile; fileRef = 5614A13D1FB2E515004BC544 /* SmartCallingManager.swift */; };
		5614A1421FB2E515004BC544 /* Profile.swift in Sources */ = {isa = PBXBuildFile; fileRef = 5614A13E1FB2E515004BC544 /* Profile.swift */; };
		5614A1431FB2E515004BC544 /* AddressBookManager.swift in Sources */ = {isa = PBXBuildFile; fileRef = 5614A13F1FB2E515004BC544 /* AddressBookManager.swift */; };
		5614A1441FB2E515004BC544 /* DemoProfileManager.swift in Sources */ = {isa = PBXBuildFile; fileRef = 5614A1401FB2E515004BC544 /* DemoProfileManager.swift */; };
/* End PBXBuildFile section */

/* Begin PBXContainerItemProxy section */
		5614A10E1FB2DA57004BC544 /* PBXContainerItemProxy */ = {
			isa = PBXContainerItemProxy;
			containerPortal = 5614A0FA1FB2DA56004BC544 /* Project object */;
			proxyType = 1;
			remoteGlobalIDString = 5614A1021FB2DA56004BC544;
			remoteInfo = SmartCalling;
		};
/* End PBXContainerItemProxy section */

/* Begin PBXFileReference section */
		5614A1031FB2DA56004BC544 /* SmartCalling.framework */ = {isa = PBXFileReference; explicitFileType = wrapper.framework; includeInIndex = 0; path = SmartCalling.framework; sourceTree = BUILT_PRODUCTS_DIR; };
		5614A1061FB2DA56004BC544 /* SmartCalling.h */ = {isa = PBXFileReference; lastKnownFileType = sourcecode.c.h; path = SmartCalling.h; sourceTree = "<group>"; };
		5614A1071FB2DA56004BC544 /* Info.plist */ = {isa = PBXFileReference; lastKnownFileType = text.plist.xml; path = Info.plist; sourceTree = "<group>"; };
		5614A10C1FB2DA57004BC544 /* SmartCallingTests.xctest */ = {isa = PBXFileReference; explicitFileType = wrapper.cfbundle; includeInIndex = 0; path = SmartCallingTests.xctest; sourceTree = BUILT_PRODUCTS_DIR; };
		5614A1111FB2DA57004BC544 /* SmartCallingTests.swift */ = {isa = PBXFileReference; lastKnownFileType = sourcecode.swift; path = SmartCallingTests.swift; sourceTree = "<group>"; };
		5614A1131FB2DA57004BC544 /* Info.plist */ = {isa = PBXFileReference; lastKnownFileType = text.plist.xml; path = Info.plist; sourceTree = "<group>"; };
		5614A13D1FB2E515004BC544 /* SmartCallingManager.swift */ = {isa = PBXFileReference; fileEncoding = 4; lastKnownFileType = sourcecode.swift; name = SmartCallingManager.swift; path = Classes/SmartCallingManager.swift; sourceTree = SOURCE_ROOT; };
		5614A13E1FB2E515004BC544 /* Profile.swift */ = {isa = PBXFileReference; fileEncoding = 4; lastKnownFileType = sourcecode.swift; name = Profile.swift; path = Classes/Profile.swift; sourceTree = SOURCE_ROOT; };
		5614A13F1FB2E515004BC544 /* AddressBookManager.swift */ = {isa = PBXFileReference; fileEncoding = 4; lastKnownFileType = sourcecode.swift; name = AddressBookManager.swift; path = Classes/AddressBookManager.swift; sourceTree = SOURCE_ROOT; };
		5614A1401FB2E515004BC544 /* DemoProfileManager.swift */ = {isa = PBXFileReference; fileEncoding = 4; lastKnownFileType = sourcecode.swift; name = DemoProfileManager.swift; path = Classes/DemoProfileManager.swift; sourceTree = SOURCE_ROOT; };
/* End PBXFileReference section */

/* Begin PBXFrameworksBuildPhase section */
		5614A0FF1FB2DA56004BC544 /* Frameworks */ = {
			isa = PBXFrameworksBuildPhase;
			buildActionMask = 2147483647;
			files = (
			);
			runOnlyForDeploymentPostprocessing = 0;
		};
		5614A1091FB2DA57004BC544 /* Frameworks */ = {
			isa = PBXFrameworksBuildPhase;
			buildActionMask = 2147483647;
			files = (
				5614A10D1FB2DA57004BC544 /* SmartCalling.framework in Frameworks */,
			);
			runOnlyForDeploymentPostprocessing = 0;
		};
/* End PBXFrameworksBuildPhase section */

/* Begin PBXGroup section */
		5614A0F91FB2DA56004BC544 = {
			isa = PBXGroup;
			children = (
				5614A1051FB2DA56004BC544 /* SmartCalling */,
				5614A1101FB2DA57004BC544 /* SmartCallingTests */,
				5614A1041FB2DA56004BC544 /* Products */,
			);
			sourceTree = "<group>";
		};
		5614A1041FB2DA56004BC544 /* Products */ = {
			isa = PBXGroup;
			children = (
				5614A1031FB2DA56004BC544 /* SmartCalling.framework */,
				5614A10C1FB2DA57004BC544 /* SmartCallingTests.xctest */,
			);
			name = Products;
			sourceTree = "<group>";
		};
		5614A1051FB2DA56004BC544 /* SmartCalling */ = {
			isa = PBXGroup;
			children = (
				5614A1061FB2DA56004BC544 /* SmartCalling.h */,
				5614A13F1FB2E515004BC544 /* AddressBookManager.swift */,
				5614A1401FB2E515004BC544 /* DemoProfileManager.swift */,
				5614A13E1FB2E515004BC544 /* Profile.swift */,
				5614A13D1FB2E515004BC544 /* SmartCallingManager.swift */,
				5614A1071FB2DA56004BC544 /* Info.plist */,
			);
			path = SmartCalling;
			sourceTree = "<group>";
		};
		5614A1101FB2DA57004BC544 /* SmartCallingTests */ = {
			isa = PBXGroup;
			children = (
				5614A1111FB2DA57004BC544 /* SmartCallingTests.swift */,
				5614A1131FB2DA57004BC544 /* Info.plist */,
			);
			path = SmartCallingTests;
			sourceTree = "<group>";
		};
/* End PBXGroup section */

/* Begin PBXHeadersBuildPhase section */
		5614A1001FB2DA56004BC544 /* Headers */ = {
			isa = PBXHeadersBuildPhase;
			buildActionMask = 2147483647;
			files = (
				5614A1141FB2DA57004BC544 /* SmartCalling.h in Headers */,
			);
			runOnlyForDeploymentPostprocessing = 0;
		};
/* End PBXHeadersBuildPhase section */

/* Begin PBXNativeTarget section */
		5614A1021FB2DA56004BC544 /* SmartCalling */ = {
			isa = PBXNativeTarget;
			buildConfigurationList = 5614A1171FB2DA57004BC544 /* Build configuration list for PBXNativeTarget "SmartCalling" */;
			buildPhases = (
				5614A0FE1FB2DA56004BC544 /* Sources */,
				5614A0FF1FB2DA56004BC544 /* Frameworks */,
				5614A1001FB2DA56004BC544 /* Headers */,
				5614A1011FB2DA56004BC544 /* Resources */,
			);
			buildRules = (
			);
			dependencies = (
			);
			name = SmartCalling;
			productName = SmartCalling;
			productReference = 5614A1031FB2DA56004BC544 /* SmartCalling.framework */;
			productType = "com.apple.product-type.framework";
		};
		5614A10B1FB2DA57004BC544 /* SmartCallingTests */ = {
			isa = PBXNativeTarget;
			buildConfigurationList = 5614A11A1FB2DA57004BC544 /* Build configuration list for PBXNativeTarget "SmartCallingTests" */;
			buildPhases = (
				5614A1081FB2DA57004BC544 /* Sources */,
				5614A1091FB2DA57004BC544 /* Frameworks */,
				5614A10A1FB2DA57004BC544 /* Resources */,
			);
			buildRules = (
			);
			dependencies = (
				5614A10F1FB2DA57004BC544 /* PBXTargetDependency */,
			);
			name = SmartCallingTests;
			productName = SmartCallingTests;
			productReference = 5614A10C1FB2DA57004BC544 /* SmartCallingTests.xctest */;
			productType = "com.apple.product-type.bundle.unit-test";
		};
/* End PBXNativeTarget section */

/* Begin PBXProject section */
		5614A0FA1FB2DA56004BC544 /* Project object */ = {
			isa = PBXProject;
			attributes = {
				LastSwiftUpdateCheck = 0910;
				LastUpgradeCheck = 0910;
				ORGANIZATIONNAME = HTK;
				TargetAttributes = {
					5614A1021FB2DA56004BC544 = {
						CreatedOnToolsVersion = 9.1;
						LastSwiftMigration = 0910;
						ProvisioningStyle = Automatic;
					};
					5614A10B1FB2DA57004BC544 = {
						CreatedOnToolsVersion = 9.1;
						ProvisioningStyle = Automatic;
					};
				};
			};
			buildConfigurationList = 5614A0FD1FB2DA56004BC544 /* Build configuration list for PBXProject "SmartCalling" */;
			compatibilityVersion = "Xcode 8.0";
			developmentRegion = en;
			hasScannedForEncodings = 0;
			knownRegions = (
				en,
			);
			mainGroup = 5614A0F91FB2DA56004BC544;
			productRefGroup = 5614A1041FB2DA56004BC544 /* Products */;
			projectDirPath = "";
			projectRoot = "";
			targets = (
				5614A1021FB2DA56004BC544 /* SmartCalling */,
				5614A10B1FB2DA57004BC544 /* SmartCallingTests */,
			);
		};
/* End PBXProject section */

/* Begin PBXResourcesBuildPhase section */
		5614A1011FB2DA56004BC544 /* Resources */ = {
			isa = PBXResourcesBuildPhase;
			buildActionMask = 2147483647;
			files = (
			);
			runOnlyForDeploymentPostprocessing = 0;
		};
		5614A10A1FB2DA57004BC544 /* Resources */ = {
			isa = PBXResourcesBuildPhase;
			buildActionMask = 2147483647;
			files = (
			);
			runOnlyForDeploymentPostprocessing = 0;
		};
/* End PBXResourcesBuildPhase section */

/* Begin PBXSourcesBuildPhase section */
		5614A0FE1FB2DA56004BC544 /* Sources */ = {
			isa = PBXSourcesBuildPhase;
			buildActionMask = 2147483647;
			files = (
				5614A1441FB2E515004BC544 /* DemoProfileManager.swift in Sources */,
				5614A1431FB2E515004BC544 /* AddressBookManager.swift in Sources */,
				5614A1411FB2E515004BC544 /* SmartCallingManager.swift in Sources */,
				5614A1421FB2E515004BC544 /* Profile.swift in Sources */,
			);
			runOnlyForDeploymentPostprocessing = 0;
		};
		5614A1081FB2DA57004BC544 /* Sources */ = {
			isa = PBXSourcesBuildPhase;
			buildActionMask = 2147483647;
			files = (
				5614A1121FB2DA57004BC544 /* SmartCallingTests.swift in Sources */,
			);
			runOnlyForDeploymentPostprocessing = 0;
		};
/* End PBXSourcesBuildPhase section */

/* Begin PBXTargetDependency section */
		5614A10F1FB2DA57004BC544 /* PBXTargetDependency */ = {
			isa = PBXTargetDependency;
			target = 5614A1021FB2DA56004BC544 /* SmartCalling */;
			targetProxy = 5614A10E1FB2DA57004BC544 /* PBXContainerItemProxy */;
		};
/* End PBXTargetDependency section */

/* Begin XCBuildConfiguration section */
		5614A1151FB2DA57004BC544 /* Debug */ = {
			isa = XCBuildConfiguration;
			buildSettings = {
				ALWAYS_SEARCH_USER_PATHS = NO;
				CLANG_ANALYZER_NONNULL = YES;
				CLANG_ANALYZER_NUMBER_OBJECT_CONVERSION = YES_AGGRESSIVE;
				CLANG_CXX_LANGUAGE_STANDARD = "gnu++14";
				CLANG_CXX_LIBRARY = "libc++";
				CLANG_ENABLE_MODULES = YES;
				CLANG_ENABLE_OBJC_ARC = YES;
				CLANG_WARN_BLOCK_CAPTURE_AUTORELEASING = YES;
				CLANG_WARN_BOOL_CONVERSION = YES;
				CLANG_WARN_COMMA = YES;
				CLANG_WARN_CONSTANT_CONVERSION = YES;
				CLANG_WARN_DIRECT_OBJC_ISA_USAGE = YES_ERROR;
				CLANG_WARN_DOCUMENTATION_COMMENTS = YES;
				CLANG_WARN_EMPTY_BODY = YES;
				CLANG_WARN_ENUM_CONVERSION = YES;
				CLANG_WARN_INFINITE_RECURSION = YES;
				CLANG_WARN_INT_CONVERSION = YES;
				CLANG_WARN_NON_LITERAL_NULL_CONVERSION = YES;
				CLANG_WARN_OBJC_LITERAL_CONVERSION = YES;
				CLANG_WARN_OBJC_ROOT_CLASS = YES_ERROR;
				CLANG_WARN_RANGE_LOOP_ANALYSIS = YES;
				CLANG_WARN_STRICT_PROTOTYPES = YES;
				CLANG_WARN_SUSPICIOUS_MOVE = YES;
				CLANG_WARN_UNGUARDED_AVAILABILITY = YES_AGGRESSIVE;
				CLANG_WARN_UNREACHABLE_CODE = YES;
				CLANG_WARN__DUPLICATE_METHOD_MATCH = YES;
				CODE_SIGN_IDENTITY = "iPhone Developer";
				COPY_PHASE_STRIP = NO;
				CURRENT_PROJECT_VERSION = 1;
				DEBUG_INFORMATION_FORMAT = dwarf;
				ENABLE_STRICT_OBJC_MSGSEND = YES;
				ENABLE_TESTABILITY = YES;
				GCC_C_LANGUAGE_STANDARD = gnu11;
				GCC_DYNAMIC_NO_PIC = NO;
				GCC_NO_COMMON_BLOCKS = YES;
				GCC_OPTIMIZATION_LEVEL = 0;
				GCC_PREPROCESSOR_DEFINITIONS = (
					"DEBUG=1",
					"$(inherited)",
				);
				GCC_WARN_64_TO_32_BIT_CONVERSION = YES;
				GCC_WARN_ABOUT_RETURN_TYPE = YES_ERROR;
				GCC_WARN_UNDECLARED_SELECTOR = YES;
				GCC_WARN_UNINITIALIZED_AUTOS = YES_AGGRESSIVE;
				GCC_WARN_UNUSED_FUNCTION = YES;
				GCC_WARN_UNUSED_VARIABLE = YES;
				IPHONEOS_DEPLOYMENT_TARGET = 9.0;
				MTL_ENABLE_DEBUG_INFO = YES;
				ONLY_ACTIVE_ARCH = YES;
				SDKROOT = iphoneos;
				SWIFT_ACTIVE_COMPILATION_CONDITIONS = DEBUG;
				SWIFT_OPTIMIZATION_LEVEL = "-Onone";
				VERSIONING_SYSTEM = "apple-generic";
				VERSION_INFO_PREFIX = "";
			};
			name = Debug;
		};
		5614A1161FB2DA57004BC544 /* Release */ = {
			isa = XCBuildConfiguration;
			buildSettings = {
				ALWAYS_SEARCH_USER_PATHS = NO;
				CLANG_ANALYZER_NONNULL = YES;
				CLANG_ANALYZER_NUMBER_OBJECT_CONVERSION = YES_AGGRESSIVE;
				CLANG_CXX_LANGUAGE_STANDARD = "gnu++14";
				CLANG_CXX_LIBRARY = "libc++";
				CLANG_ENABLE_MODULES = YES;
				CLANG_ENABLE_OBJC_ARC = YES;
				CLANG_WARN_BLOCK_CAPTURE_AUTORELEASING = YES;
				CLANG_WARN_BOOL_CONVERSION = YES;
				CLANG_WARN_COMMA = YES;
				CLANG_WARN_CONSTANT_CONVERSION = YES;
				CLANG_WARN_DIRECT_OBJC_ISA_USAGE = YES_ERROR;
				CLANG_WARN_DOCUMENTATION_COMMENTS = YES;
				CLANG_WARN_EMPTY_BODY = YES;
				CLANG_WARN_ENUM_CONVERSION = YES;
				CLANG_WARN_INFINITE_RECURSION = YES;
				CLANG_WARN_INT_CONVERSION = YES;
				CLANG_WARN_NON_LITERAL_NULL_CONVERSION = YES;
				CLANG_WARN_OBJC_LITERAL_CONVERSION = YES;
				CLANG_WARN_OBJC_ROOT_CLASS = YES_ERROR;
				CLANG_WARN_RANGE_LOOP_ANALYSIS = YES;
				CLANG_WARN_STRICT_PROTOTYPES = YES;
				CLANG_WARN_SUSPICIOUS_MOVE = YES;
				CLANG_WARN_UNGUARDED_AVAILABILITY = YES_AGGRESSIVE;
				CLANG_WARN_UNREACHABLE_CODE = YES;
				CLANG_WARN__DUPLICATE_METHOD_MATCH = YES;
				CODE_SIGN_IDENTITY = "iPhone Developer";
				COPY_PHASE_STRIP = NO;
				CURRENT_PROJECT_VERSION = 1;
				DEBUG_INFORMATION_FORMAT = "dwarf-with-dsym";
				ENABLE_NS_ASSERTIONS = NO;
				ENABLE_STRICT_OBJC_MSGSEND = YES;
				GCC_C_LANGUAGE_STANDARD = gnu11;
				GCC_NO_COMMON_BLOCKS = YES;
				GCC_WARN_64_TO_32_BIT_CONVERSION = YES;
				GCC_WARN_ABOUT_RETURN_TYPE = YES_ERROR;
				GCC_WARN_UNDECLARED_SELECTOR = YES;
				GCC_WARN_UNINITIALIZED_AUTOS = YES_AGGRESSIVE;
				GCC_WARN_UNUSED_FUNCTION = YES;
				GCC_WARN_UNUSED_VARIABLE = YES;
				IPHONEOS_DEPLOYMENT_TARGET = 9.0;
				MTL_ENABLE_DEBUG_INFO = NO;
				SDKROOT = iphoneos;
				SWIFT_OPTIMIZATION_LEVEL = "-Owholemodule";
				VALIDATE_PRODUCT = YES;
				VERSIONING_SYSTEM = "apple-generic";
				VERSION_INFO_PREFIX = "";
			};
			name = Release;
		};
		5614A1181FB2DA57004BC544 /* Debug */ = {
			isa = XCBuildConfiguration;
			buildSettings = {
				CLANG_ENABLE_MODULES = YES;
				CODE_SIGN_IDENTITY = "";
				CODE_SIGN_STYLE = Automatic;
				DEFINES_MODULE = YES;
				DEVELOPMENT_TEAM = P4D3MG2FYY;
				DYLIB_COMPATIBILITY_VERSION = 1;
				DYLIB_CURRENT_VERSION = 1;
				DYLIB_INSTALL_NAME_BASE = "@rpath";
				INFOPLIST_FILE = SmartCalling/Info.plist;
				INSTALL_PATH = "$(LOCAL_LIBRARY_DIR)/Frameworks";
				IPHONEOS_DEPLOYMENT_TARGET = 9.0;
				LD_RUNPATH_SEARCH_PATHS = "$(inherited) @executable_path/Frameworks @loader_path/Frameworks";
				PRODUCT_BUNDLE_IDENTIFIER = com.tkking.smartcall.SmartCalling;
				PRODUCT_NAME = "$(TARGET_NAME:c99extidentifier)";
				SKIP_INSTALL = YES;
				SWIFT_OPTIMIZATION_LEVEL = "-Onone";
				SWIFT_VERSION = 4.0;
				TARGETED_DEVICE_FAMILY = "1,2";
			};
			name = Debug;
		};
		5614A1191FB2DA57004BC544 /* Release */ = {
			isa = XCBuildConfiguration;
			buildSettings = {
				CLANG_ENABLE_MODULES = YES;
				CODE_SIGN_IDENTITY = "";
				CODE_SIGN_STYLE = Automatic;
				DEFINES_MODULE = YES;
				DEVELOPMENT_TEAM = P4D3MG2FYY;
				DYLIB_COMPATIBILITY_VERSION = 1;
				DYLIB_CURRENT_VERSION = 1;
				DYLIB_INSTALL_NAME_BASE = "@rpath";
				INFOPLIST_FILE = SmartCalling/Info.plist;
				INSTALL_PATH = "$(LOCAL_LIBRARY_DIR)/Frameworks";
				IPHONEOS_DEPLOYMENT_TARGET = 9.0;
				LD_RUNPATH_SEARCH_PATHS = "$(inherited) @executable_path/Frameworks @loader_path/Frameworks";
				PRODUCT_BUNDLE_IDENTIFIER = com.tkking.smartcall.SmartCalling;
				PRODUCT_NAME = "$(TARGET_NAME:c99extidentifier)";
				SKIP_INSTALL = YES;
				SWIFT_VERSION = 4.0;
				TARGETED_DEVICE_FAMILY = "1,2";
			};
			name = Release;
		};
		5614A11B1FB2DA57004BC544 /* Debug */ = {
			isa = XCBuildConfiguration;
			buildSettings = {
				ALWAYS_EMBED_SWIFT_STANDARD_LIBRARIES = YES;
				CODE_SIGN_STYLE = Automatic;
				DEVELOPMENT_TEAM = P4D3MG2FYY;
				INFOPLIST_FILE = SmartCallingTests/Info.plist;
				LD_RUNPATH_SEARCH_PATHS = "$(inherited) @executable_path/Frameworks @loader_path/Frameworks";
				PRODUCT_BUNDLE_IDENTIFIER = com.tkking.smartcall.SmartCallingTests;
				PRODUCT_NAME = "$(TARGET_NAME)";
				SWIFT_VERSION = 4.0;
				TARGETED_DEVICE_FAMILY = "1,2";
			};
			name = Debug;
		};
		5614A11C1FB2DA57004BC544 /* Release */ = {
			isa = XCBuildConfiguration;
			buildSettings = {
				ALWAYS_EMBED_SWIFT_STANDARD_LIBRARIES = YES;
				CODE_SIGN_STYLE = Automatic;
				DEVELOPMENT_TEAM = P4D3MG2FYY;
				INFOPLIST_FILE = SmartCallingTests/Info.plist;
				LD_RUNPATH_SEARCH_PATHS = "$(inherited) @executable_path/Frameworks @loader_path/Frameworks";
				PRODUCT_BUNDLE_IDENTIFIER = com.tkking.smartcall.SmartCallingTests;
				PRODUCT_NAME = "$(TARGET_NAME)";
				SWIFT_VERSION = 4.0;
				TARGETED_DEVICE_FAMILY = "1,2";
			};
			name = Release;
		};
/* End XCBuildConfiguration section */

/* Begin XCConfigurationList section */
		5614A0FD1FB2DA56004BC544 /* Build configuration list for PBXProject "SmartCalling" */ = {
			isa = XCConfigurationList;
			buildConfigurations = (
				5614A1151FB2DA57004BC544 /* Debug */,
				5614A1161FB2DA57004BC544 /* Release */,
			);
			defaultConfigurationIsVisible = 0;
			defaultConfigurationName = Release;
		};
		5614A1171FB2DA57004BC544 /* Build configuration list for PBXNativeTarget "SmartCalling" */ = {
			isa = XCConfigurationList;
			buildConfigurations = (
				5614A1181FB2DA57004BC544 /* Debug */,
				5614A1191FB2DA57004BC544 /* Release */,
			);
			defaultConfigurationIsVisible = 0;
			defaultConfigurationName = Release;
		};
		5614A11A1FB2DA57004BC544 /* Build configuration list for PBXNativeTarget "SmartCallingTests" */ = {
			isa = XCConfigurationList;
			buildConfigurations = (
				5614A11B1FB2DA57004BC544 /* Debug */,
				5614A11C1FB2DA57004BC544 /* Release */,
			);
			defaultConfigurationIsVisible = 0;
			defaultConfigurationName = Release;
		};
/* End XCConfigurationList section */
	};
	rootObject = 5614A0FA1FB2DA56004BC544 /* Project object */;
}
